
Microsoft Visual Studio Solution File, Format Version 12.00
# Visual Studio 15
VisualStudioVersion = 15.0.27703.2047
MinimumVisualStudioVersion = 10.0.40219.1
Project("{FAE04EC0-301F-11D3-BF4B-00C04F79EFBC}") = "BarcodeDemo", "BarcodeDemo\BarcodeDemo.csproj", "{106001D3-F62E-4824-B262-F98A6BD3BBE6}"
EndProject
Global
	GlobalSection(SolutionConfigurationPlatforms) = preSolution
		Debug|Any CPU = Debug|Any CPU
		Release|Any CPU = Release|Any CPU
	EndGlobalSection
	GlobalSection(ProjectConfigurationPlatforms) = postSolution
		{106001D3-F62E-4824-B262-F98A6BD3BBE6}.Debug|Any CPU.ActiveCfg = Debug|Any CPU
		{106001D3-F62E-4824-B262-F98A6BD3BBE6}.Debug|Any CPU.Build.0 = Debug|Any CPU
		{106001D3-F62E-4824-B262-F98A6BD3BBE6}.Release|Any CPU.ActiveCfg = Release|Any CPU
		{106001D3-F62E-4824-B262-F98A6BD3BBE6}.Release|Any CPU.Build.0 = Release|Any CPU
	EndGlobalSection
	GlobalSection(SolutionProperties) = preSolution
		HideSolutionNode = FALSE
	EndGlobalSection
	GlobalSection(ExtensibilityGlobals) = postSolution
		SolutionGuid = {F4D00494-ADC6-44D8-9645-29B86879C80C}
	EndGlobalSection
EndGlobal
